
Microsoft Visual Studio Solution File, Format Version 12.00
# Visual Studio Version 16
VisualStudioVersion = 16.0.31005.135
MinimumVisualStudioVersion = 10.0.40219.1
Project("{FAE04EC0-301F-11D3-BF4B-00C04F79EFBC}") = "task3", "task3.csproj", "{ED63A439-189D-4644-AF27-7894D564E1A3}"
EndProject
Project("{FAE04EC0-301F-11D3-BF4B-00C04F79EFBC}") = "ConsoleTask3", "..\ConsoleTask3\ConsoleTask3.csproj", "{29F7C57D-67A1-478C-B972-3544B35EF047}"
EndProject
Global
	GlobalSection(SolutionConfigurationPlatforms) = preSolution
		Debug|Any CPU = Debug|Any CPU
		Release|Any CPU = Release|Any CPU
	EndGlobalSection
	GlobalSection(ProjectConfigurationPlatforms) = postSolution
		{ED63A439-189D-4644-AF27-7894D564E1A3}.Debug|Any CPU.ActiveCfg = Debug|Any CPU
		{ED63A439-189D-4644-AF27-7894D564E1A3}.Debug|Any CPU.Build.0 = Debug|Any CPU
		{ED63A439-189D-4644-AF27-7894D564E1A3}.Release|Any CPU.ActiveCfg = Release|Any CPU
		{ED63A439-189D-4644-AF27-7894D564E1A3}.Release|Any CPU.Build.0 = Release|Any CPU
		{29F7C57D-67A1-478C-B972-3544B35EF047}.Debug|Any CPU.ActiveCfg = Debug|Any CPU
		{29F7C57D-67A1-478C-B972-3544B35EF047}.Debug|Any CPU.Build.0 = Debug|Any CPU
		{29F7C57D-67A1-478C-B972-3544B35EF047}.Release|Any CPU.ActiveCfg = Release|Any CPU
		{29F7C57D-67A1-478C-B972-3544B35EF047}.Release|Any CPU.Build.0 = Release|Any CPU
	EndGlobalSection
	GlobalSection(SolutionProperties) = preSolution
		HideSolutionNode = FALSE
	EndGlobalSection
	GlobalSection(ExtensibilityGlobals) = postSolution
		SolutionGuid = {E9B8F2E8-A37E-4572-94F7-30DB905FFA39}
	EndGlobalSection
EndGlobal
