
Microsoft Visual Studio Solution File, Format Version 12.00
# Visual Studio Version 16
VisualStudioVersion = 16.0.31005.135
MinimumVisualStudioVersion = 10.0.40219.1
Project("{FAE04EC0-301F-11D3-BF4B-00C04F79EFBC}") = "task2", "task2.csproj", "{5112EF45-14EE-4ABB-A3F7-AB547961CE7F}"
EndProject
Project("{FAE04EC0-301F-11D3-BF4B-00C04F79EFBC}") = "Task22", "..\Task22\Task22.csproj", "{997845E6-0A26-44D2-8739-5FDFFC39BCDD}"
EndProject
Global
	GlobalSection(SolutionConfigurationPlatforms) = preSolution
		Debug|Any CPU = Debug|Any CPU
		Release|Any CPU = Release|Any CPU
	EndGlobalSection
	GlobalSection(ProjectConfigurationPlatforms) = postSolution
		{5112EF45-14EE-4ABB-A3F7-AB547961CE7F}.Debug|Any CPU.ActiveCfg = Debug|Any CPU
		{5112EF45-14EE-4ABB-A3F7-AB547961CE7F}.Debug|Any CPU.Build.0 = Debug|Any CPU
		{5112EF45-14EE-4ABB-A3F7-AB547961CE7F}.Release|Any CPU.ActiveCfg = Release|Any CPU
		{5112EF45-14EE-4ABB-A3F7-AB547961CE7F}.Release|Any CPU.Build.0 = Release|Any CPU
		{997845E6-0A26-44D2-8739-5FDFFC39BCDD}.Debug|Any CPU.ActiveCfg = Debug|Any CPU
		{997845E6-0A26-44D2-8739-5FDFFC39BCDD}.Debug|Any CPU.Build.0 = Debug|Any CPU
		{997845E6-0A26-44D2-8739-5FDFFC39BCDD}.Release|Any CPU.ActiveCfg = Release|Any CPU
		{997845E6-0A26-44D2-8739-5FDFFC39BCDD}.Release|Any CPU.Build.0 = Release|Any CPU
	EndGlobalSection
	GlobalSection(SolutionProperties) = preSolution
		HideSolutionNode = FALSE
	EndGlobalSection
	GlobalSection(ExtensibilityGlobals) = postSolution
		SolutionGuid = {DAD0D2B2-CB79-4683-8FCA-809290F8EB5F}
	EndGlobalSection
EndGlobal
